<?xml version="1.0" encoding="utf-8"?>
<Project ToolsVersion="4.0" xmlns="http://schemas.microsoft.com/developer/msbuild/2003">
  <ItemGroup>
    <Filter Include="Source Files">
      <UniqueIdentifier>{4FC737F1-C7A5-4376-A066-2A32D752A2FF}</UniqueIdentifier>
      <Extensions>cpp;c;cc;cxx;def;odl;idl;hpj;bat;asm;asmx</Extensions>
    </Filter>
    <Filter Include="Header Files">
      <UniqueIdentifier>{93995380-89BD-4b04-88EB-625FBE52EBFB}</UniqueIdentifier>
      <Extensions>h;hpp;hxx;hm;inl;inc;xsd</Extensions>
    </Filter>
    <Filter Include="Resource Files">
      <UniqueIdentifier>{67DA6AB6-F800-4c08-8B7A-83BB121AAD01}</UniqueIdentifier>
      <Extensions>rc;ico;cur;bmp;dlg;rc2;rct;bin;rgs;gif;jpg;jpeg;jpe;resx;tiff;tif;png;wav</Extensions>
    </Filter>
  </ItemGroup>
  <ItemGroup>
    <ClCompile Include="wxBup.cpp">
      <Filter>Source Files</Filter>
    </ClCompile>
    <ClCompile Include="wxBupAbout.cpp">
      <Filter>Source Files</Filter>
    </ClCompile>
    <ClCompile Include="wxBupColSaveRestore.cpp">
      <Filter>Source Files</Filter>
    </ClCompile>
    <ClCompile Include="wxBupConfig.cpp">
      <Filter>Source Files</Filter>
    </ClCompile>
    <ClCompile Include="wxBupDebugRprt.cpp">
      <Filter>Source Files</Filter>
    </ClCompile>
    <ClCompile Include="wxBupFrame.cpp">
      <Filter>Source Files</Filter>
    </ClCompile>
    <ClCompile Include="wxBupHelp.cpp">
      <Filter>Source Files</Filter>
    </ClCompile>
    <ClCompile Include="wxBupOnUpdateUI.cpp">
      <Filter>Source Files</Filter>
    </ClCompile>
    <ClCompile Include="wxBupOptions.cpp">
      <Filter>Source Files</Filter>
    </ClCompile>
    <ClCompile Include="wxBupResultsGrid.cpp">
      <Filter>Source Files</Filter>
    </ClCompile>
    <ClCompile Include="wxBupWorker.cpp">
      <Filter>Source Files</Filter>
    </ClCompile>
    <ClCompile Include="wxBupBaseFrame.cpp">
      <Filter>Source Files</Filter>
    </ClCompile>
    <ClCompile Include="wxBupBaseFrame_bitmaps.cpp">
      <Filter>Source Files</Filter>
    </ClCompile>
    <ClCompile Include="wxBupCleanoutDestDir.cpp">
      <Filter>Source Files</Filter>
    </ClCompile>
    <ClCompile Include="wxBupCopyFile.cpp">
      <Filter>Source Files</Filter>
    </ClCompile>
    <ClCompile Include="wxBupZipList.cpp">
      <Filter>Source Files</Filter>
    </ClCompile>
    <ClCompile Include="wxOsVersion.cpp">
      <Filter>Source Files</Filter>
    </ClCompile>
    <ClCompile Include="wxBupBagSizes.cpp">
      <Filter>Source Files</Filter>
    </ClCompile>
    <ClCompile Include="wxBupSplit.cpp">
      <Filter>Source Files</Filter>
    </ClCompile>
    <ClCompile Include="wxBupMoveFile.cpp">
      <Filter>Source Files</Filter>
    </ClCompile>
    <ClCompile Include="wxBupEditJobFile.cpp">
      <Filter>Source Files</Filter>
    </ClCompile>
    <ClCompile Include="wxBupOpenFile.cpp">
      <Filter>Source Files</Filter>
    </ClCompile>
    <ClCompile Include="wxBupOptionLog.cpp">
      <Filter>Source Files</Filter>
    </ClCompile>
    <ClCompile Include="wxBupLogFile.cpp">
      <Filter>Source Files</Filter>
    </ClCompile>
    <ClCompile Include="wxBupWorkerEvents.cpp">
      <Filter>Source Files</Filter>
    </ClCompile>
    <ClCompile Include="wxBupSummary.cpp">
      <Filter>Source Files</Filter>
    </ClCompile>
    <ClCompile Include="wxBupFrameUtils.cpp">
      <Filter>Source Files</Filter>
    </ClCompile>
    <ClCompile Include="wxBupFrameTimer.cpp">
      <Filter>Source Files</Filter>
    </ClCompile>
    <ClCompile Include="wxBupWorkerZip.cpp">
      <Filter>Source Files</Filter>
    </ClCompile>
    <ClCompile Include="wxBupRestoreJob.cpp">
      <Filter>Source Files</Filter>
    </ClCompile>
    <ClCompile Include="wxBupRestoreDialog.cpp">
      <Filter>Source Files</Filter>
    </ClCompile>
    <ClCompile Include="wxBupRestoreTest.cpp">
      <Filter>Source Files</Filter>
    </ClCompile>
    <ClCompile Include="wxBupWorkerEventLog.cpp">
      <Filter>Source Files</Filter>
    </ClCompile>
    <ClCompile Include="wxBupCompare2Files.cpp">
      <Filter>Source Files</Filter>
    </ClCompile>
    <ClCompile Include="wxBupCompareZippedFile.cpp">
      <Filter>Source Files</Filter>
    </ClCompile>
    <ClCompile Include="wxBupTestRestoreThread.cpp">
      <Filter>Source Files</Filter>
    </ClCompile>
    <ClCompile Include="wxBupTestRestoreCleanup.cpp">
      <Filter>Source Files</Filter>
    </ClCompile>
    <ClCompile Include="wxBupRestoreEvent.cpp">
      <Filter>Source Files</Filter>
    </ClCompile>
    <ClCompile Include="wxBupAppDnd.cpp">
      <Filter>Source Files</Filter>
    </ClCompile>
    <ClCompile Include="wxBupJobConfig.cpp">
      <Filter>Source Files</Filter>
    </ClCompile>
    <ClCompile Include="wxBupWizSrcDnD.cpp">
      <Filter>Source Files</Filter>
    </ClCompile>
    <ClCompile Include="wxBupWizTreebook.cpp">
      <Filter>Source Files</Filter>
    </ClCompile>
    <ClCompile Include="wxBupOnMRU.cpp">
      <Filter>Source Files</Filter>
    </ClCompile>
    <ClCompile Include="wxBupExclusions.cpp">
      <Filter>Source Files</Filter>
    </ClCompile>
    <ClCompile Include="wxBupRunWizard.cpp">
      <Filter>Source Files</Filter>
    </ClCompile>
    <ClCompile Include="wxBupCheck4Update.cpp">
      <Filter>Source Files</Filter>
    </ClCompile>
    <ClCompile Include="wxBupCurl.cpp">
      <Filter>Source Files</Filter>
    </ClCompile>
    <ClCompile Include="wxBupUtils.cpp">
      <Filter>Source Files</Filter>
    </ClCompile>
    <ClCompile Include="wxBupJobList.cpp">
      <Filter>Source Files</Filter>
    </ClCompile>
    <ClCompile Include="wxBupProcessList.cpp">
      <Filter>Source Files</Filter>
    </ClCompile>
    <ClCompile Include="wxBupJobListContextMenu.cpp">
      <Filter>Source Files</Filter>
    </ClCompile>
    <ClCompile Include="wxBupSaveRenameJobs.cpp">
      <Filter>Source Files</Filter>
    </ClCompile>
    <ClCompile Include="wxBupSound.cpp">
      <Filter>Source Files</Filter>
    </ClCompile>
    <ClCompile Include="wxBupWorkerCountFiles.cpp">
      <Filter>Source Files</Filter>
    </ClCompile>
    <ClCompile Include="wxBupTestRestoreOneBag.cpp">
      <Filter>Source Files</Filter>
    </ClCompile>
    <ClCompile Include="wxBupDeleteJobFile.cpp">
      <Filter>Source Files</Filter>
    </ClCompile>
    <ClCompile Include="wxBupRestore1File.cpp">
      <Filter>Source Files</Filter>
    </ClCompile>
    <ClCompile Include="wxBupContentGrid.cpp">
      <Filter>Source Files</Filter>
    </ClCompile>
    <ClCompile Include="wxBupCheckUpdateDialog.cpp">
      <Filter>Source Files</Filter>
    </ClCompile>
    <ClCompile Include="wxBupWhenDone.cpp">
      <Filter>Source Files</Filter>
    </ClCompile>
    <ClCompile Include="wxBupWorkTraverser.cpp">
      <Filter>Source Files</Filter>
    </ClCompile>
    <ClCompile Include="wxBupWizSendEmail.cpp">
      <Filter>Source Files</Filter>
    </ClCompile>
    <ClCompile Include="wxBupWizEmailMessage.cpp">
      <Filter>Source Files</Filter>
    </ClCompile>
    <ClCompile Include="wxBupWizEmailMessageId.cpp">
      <Filter>Source Files</Filter>
    </ClCompile>
    <ClCompile Include="wxBupSendEmail.cpp">
      <Filter>Source Files</Filter>
    </ClCompile>
    <ClCompile Include="wxBupFileLog.cpp">
      <Filter>Source Files</Filter>
    </ClCompile>
    <ClCompile Include="wxBupEmailCompose.cpp">
      <Filter>Source Files</Filter>
    </ClCompile>
    <ClCompile Include="wxBupGetMediaInfo.cpp">
      <Filter>Source Files</Filter>
    </ClCompile>
    <ClCompile Include="wxBupDestPathValidator.cpp">
      <Filter>Source Files</Filter>
    </ClCompile>
    <ClCompile Include="wxBupDriveInfo.cpp">
      <Filter>Source Files</Filter>
    </ClCompile>
  </ItemGroup>
  <ItemGroup>
    <ClInclude Include="wxBupCmdlineh.h">
      <Filter>Header Files</Filter>
    </ClInclude>
    <ClInclude Include="wxBupConfh.h">
      <Filter>Header Files</Filter>
    </ClInclude>
    <ClInclude Include="wxBupDebugRprth.h">
      <Filter>Header Files</Filter>
    </ClInclude>
    <ClInclude Include="wxBupFrameh.h">
      <Filter>Header Files</Filter>
    </ClInclude>
    <ClInclude Include="wxBuph.h">
      <Filter>Header Files</Filter>
    </ClInclude>
    <ClInclude Include="wxBupOptionsh.h">
      <Filter>Header Files</Filter>
    </ClInclude>
    <ClInclude Include="wxBupPreProcdefsh.h">
      <Filter>Header Files</Filter>
    </ClInclude>
    <ClInclude Include="wxBupBaseFrame.h">
      <Filter>Header Files</Filter>
    </ClInclude>
    <ClInclude Include="wxBupZipListh.h">
      <Filter>Header Files</Filter>
    </ClInclude>
    <ClInclude Include="wxOsVersionh.h">
      <Filter>Header Files</Filter>
    </ClInclude>
    <ClInclude Include="wxBupBagSizes.h">
      <Filter>Header Files</Filter>
    </ClInclude>
    <ClInclude Include="wxBupRestoreDialogh.h">
      <Filter>Header Files</Filter>
    </ClInclude>
    <ClInclude Include="wxBupTestRestoreThreadh.h">
      <Filter>Header Files</Filter>
    </ClInclude>
    <ClInclude Include="wxBupWorkerh.h">
      <Filter>Header Files</Filter>
    </ClInclude>
    <ClInclude Include="wxBupAppDndh.h">
      <Filter>Header Files</Filter>
    </ClInclude>
    <ClInclude Include="wxBupBagLogListh.h">
      <Filter>Header Files</Filter>
    </ClInclude>
    <ClInclude Include="wxBupWizSrcDnDh.h">
      <Filter>Header Files</Filter>
    </ClInclude>
    <ClInclude Include="wxBupWizTreebookh.h">
      <Filter>Header Files</Filter>
    </ClInclude>
    <ClInclude Include="wxBupExclusionsh.h">
      <Filter>Header Files</Filter>
    </ClInclude>
    <ClInclude Include="wxBupCurlh.h">
      <Filter>Header Files</Filter>
    </ClInclude>
    <ClInclude Include="wxBupJobConfigh.h">
      <Filter>Header Files</Filter>
    </ClInclude>
    <ClInclude Include="wxBupCheckUpdateDialogh.h">
      <Filter>Header Files</Filter>
    </ClInclude>
    <ClInclude Include="wxBupWhenDone.h">
      <Filter>Header Files</Filter>
    </ClInclude>
    <ClInclude Include="wxBupWorkTraverserh.h">
      <Filter>Header Files</Filter>
    </ClInclude>
    <ClInclude Include="wxBupWizSendEmailh.h">
      <Filter>Header Files</Filter>
    </ClInclude>
    <ClInclude Include="wxBupWizEmailMessageIdh.h">
      <Filter>Header Files</Filter>
    </ClInclude>
    <ClInclude Include="wxBupFileLogh.h">
      <Filter>Header Files</Filter>
    </ClInclude>
    <ClInclude Include="wxBupDestPathValidatorh.h">
      <Filter>Header Files</Filter>
    </ClInclude>
  </ItemGroup>
  <ItemGroup>
    <None Include="wxIdf.wxcp">
      <Filter>Resource Files</Filter>
    </None>
    <None Include="wxBupBaseFrame_bitmaps.xrc">
      <Filter>Resource Files</Filter>
    </None>
  </ItemGroup>
  <ItemGroup>
    <CustomBuild Include="wxBupBagSizes.e">
      <Filter>Resource Files</Filter>
    </CustomBuild>
    <CustomBuild Include="wxBupWhenDone.e">
      <Filter>Resource Files</Filter>
    </CustomBuild>
  </ItemGroup>
  <ItemGroup>
    <ResourceCompile Include="rc\wxBupr.rc">
      <Filter>Resource Files</Filter>
    </ResourceCompile>
  </ItemGroup>
</Project>